
Microsoft Visual Studio Solution File, Format Version 12.00
Project("{FAE04EC0-301F-11D3-BF4B-00C04F79EFBC}") = "Voxa.Backoffice.Api", "Voxa.Backoffice.Api\Voxa.Backoffice.Api.csproj", "{C1A2D6EC-F1B6-437E-B201-917FBDD3F046}"
EndProject
Project("{2150E333-8FDC-42A3-9474-1A3956D46DE8}") = "APIs", "APIs", "{E369631D-EE71-456E-BD5F-55908283672E}"
EndProject
Project("{2150E333-8FDC-42A3-9474-1A3956D46DE8}") = "Core", "Core", "{2FE6C5F7-9D53-4555-A019-D90B89757D46}"
EndProject
Project("{2150E333-8FDC-42A3-9474-1A3956D46DE8}") = "Framework", "Framework", "{F6EE63AF-EB6A-4F1B-9787-F49235A2C7C0}"
EndProject
Project("{2150E333-8FDC-42A3-9474-1A3956D46DE8}") = "Worker", "Worker", "{F778BA98-4651-4306-8BCC-98312FCB7F01}"
EndProject
Project("{FAE04EC0-301F-11D3-BF4B-00C04F79EFBC}") = "Voxa.Domain", "Voxa.Domain\Voxa.Domain.csproj", "{7D4C6155-F1BB-4167-8B64-DF4B4D660653}"
EndProject
Project("{FAE04EC0-301F-11D3-BF4B-00C04F79EFBC}") = "Framework.Domain", "Framework.Domain\Framework.Domain.csproj", "{CDFDE90D-1619-4E55-A9DD-FE02F66A7C51}"
EndProject
Project("{FAE04EC0-301F-11D3-BF4B-00C04F79EFBC}") = "Voxa.Infrastructure", "Voxa.Infrastructure\Voxa.Infrastructure.csproj", "{2BF49985-2259-4729-870D-01088B3BCA21}"
EndProject
Project("{FAE04EC0-301F-11D3-BF4B-00C04F79EFBC}") = "Framework.Infrastructure", "Framework.Infrastructure\Framework.Infrastructure.csproj", "{F0AA090B-D6B2-4AAD-ABA6-CF5319305342}"
EndProject
Project("{FAE04EC0-301F-11D3-BF4B-00C04F79EFBC}") = "Framework.Application", "Framework.Application\Framework.Application.csproj", "{63062D78-B3DE-4EA0-AEBF-15EBF1F05ACE}"
EndProject
Project("{FAE04EC0-301F-11D3-BF4B-00C04F79EFBC}") = "Voxa.Application", "Voxa.Application\Voxa.Application.csproj", "{A3F3A8DD-D30C-4644-930C-243AB888E1BE}"
EndProject
Project("{FAE04EC0-301F-11D3-BF4B-00C04F79EFBC}") = "Framework.AspNetCore", "Framework.AspNetCore\Framework.AspNetCore.csproj", "{2C8F97CF-BB34-498F-8309-6B381930780E}"
EndProject
Global
	GlobalSection(SolutionConfigurationPlatforms) = preSolution
		Debug|Any CPU = Debug|Any CPU
		Debug|x64 = Debug|x64
		Debug|x86 = Debug|x86
		Release|Any CPU = Release|Any CPU
		Release|x64 = Release|x64
		Release|x86 = Release|x86
	EndGlobalSection
	GlobalSection(ProjectConfigurationPlatforms) = postSolution
		{C1A2D6EC-F1B6-437E-B201-917FBDD3F046}.Debug|Any CPU.ActiveCfg = Debug|Any CPU
		{C1A2D6EC-F1B6-437E-B201-917FBDD3F046}.Debug|Any CPU.Build.0 = Debug|Any CPU
		{C1A2D6EC-F1B6-437E-B201-917FBDD3F046}.Debug|x64.ActiveCfg = Debug|Any CPU
		{C1A2D6EC-F1B6-437E-B201-917FBDD3F046}.Debug|x64.Build.0 = Debug|Any CPU
		{C1A2D6EC-F1B6-437E-B201-917FBDD3F046}.Debug|x86.ActiveCfg = Debug|Any CPU
		{C1A2D6EC-F1B6-437E-B201-917FBDD3F046}.Debug|x86.Build.0 = Debug|Any CPU
		{C1A2D6EC-F1B6-437E-B201-917FBDD3F046}.Release|Any CPU.ActiveCfg = Release|Any CPU
		{C1A2D6EC-F1B6-437E-B201-917FBDD3F046}.Release|Any CPU.Build.0 = Release|Any CPU
		{C1A2D6EC-F1B6-437E-B201-917FBDD3F046}.Release|x64.ActiveCfg = Release|Any CPU
		{C1A2D6EC-F1B6-437E-B201-917FBDD3F046}.Release|x64.Build.0 = Release|Any CPU
		{C1A2D6EC-F1B6-437E-B201-917FBDD3F046}.Release|x86.ActiveCfg = Release|Any CPU
		{C1A2D6EC-F1B6-437E-B201-917FBDD3F046}.Release|x86.Build.0 = Release|Any CPU
		{7D4C6155-F1BB-4167-8B64-DF4B4D660653}.Debug|Any CPU.ActiveCfg = Debug|Any CPU
		{7D4C6155-F1BB-4167-8B64-DF4B4D660653}.Debug|Any CPU.Build.0 = Debug|Any CPU
		{7D4C6155-F1BB-4167-8B64-DF4B4D660653}.Debug|x64.ActiveCfg = Debug|Any CPU
		{7D4C6155-F1BB-4167-8B64-DF4B4D660653}.Debug|x64.Build.0 = Debug|Any CPU
		{7D4C6155-F1BB-4167-8B64-DF4B4D660653}.Debug|x86.ActiveCfg = Debug|Any CPU
		{7D4C6155-F1BB-4167-8B64-DF4B4D660653}.Debug|x86.Build.0 = Debug|Any CPU
		{7D4C6155-F1BB-4167-8B64-DF4B4D660653}.Release|Any CPU.ActiveCfg = Release|Any CPU
		{7D4C6155-F1BB-4167-8B64-DF4B4D660653}.Release|Any CPU.Build.0 = Release|Any CPU
		{7D4C6155-F1BB-4167-8B64-DF4B4D660653}.Release|x64.ActiveCfg = Release|Any CPU
		{7D4C6155-F1BB-4167-8B64-DF4B4D660653}.Release|x64.Build.0 = Release|Any CPU
		{7D4C6155-F1BB-4167-8B64-DF4B4D660653}.Release|x86.ActiveCfg = Release|Any CPU
		{7D4C6155-F1BB-4167-8B64-DF4B4D660653}.Release|x86.Build.0 = Release|Any CPU
		{CDFDE90D-1619-4E55-A9DD-FE02F66A7C51}.Debug|Any CPU.ActiveCfg = Debug|Any CPU
		{CDFDE90D-1619-4E55-A9DD-FE02F66A7C51}.Debug|Any CPU.Build.0 = Debug|Any CPU
		{CDFDE90D-1619-4E55-A9DD-FE02F66A7C51}.Debug|x64.ActiveCfg = Debug|Any CPU
		{CDFDE90D-1619-4E55-A9DD-FE02F66A7C51}.Debug|x64.Build.0 = Debug|Any CPU
		{CDFDE90D-1619-4E55-A9DD-FE02F66A7C51}.Debug|x86.ActiveCfg = Debug|Any CPU
		{CDFDE90D-1619-4E55-A9DD-FE02F66A7C51}.Debug|x86.Build.0 = Debug|Any CPU
		{CDFDE90D-1619-4E55-A9DD-FE02F66A7C51}.Release|Any CPU.ActiveCfg = Release|Any CPU
		{CDFDE90D-1619-4E55-A9DD-FE02F66A7C51}.Release|Any CPU.Build.0 = Release|Any CPU
		{CDFDE90D-1619-4E55-A9DD-FE02F66A7C51}.Release|x64.ActiveCfg = Release|Any CPU
		{CDFDE90D-1619-4E55-A9DD-FE02F66A7C51}.Release|x64.Build.0 = Release|Any CPU
		{CDFDE90D-1619-4E55-A9DD-FE02F66A7C51}.Release|x86.ActiveCfg = Release|Any CPU
		{CDFDE90D-1619-4E55-A9DD-FE02F66A7C51}.Release|x86.Build.0 = Release|Any CPU
		{2BF49985-2259-4729-870D-01088B3BCA21}.Debug|Any CPU.ActiveCfg = Debug|Any CPU
		{2BF49985-2259-4729-870D-01088B3BCA21}.Debug|Any CPU.Build.0 = Debug|Any CPU
		{2BF49985-2259-4729-870D-01088B3BCA21}.Debug|x64.ActiveCfg = Debug|Any CPU
		{2BF49985-2259-4729-870D-01088B3BCA21}.Debug|x64.Build.0 = Debug|Any CPU
		{2BF49985-2259-4729-870D-01088B3BCA21}.Debug|x86.ActiveCfg = Debug|Any CPU
		{2BF49985-2259-4729-870D-01088B3BCA21}.Debug|x86.Build.0 = Debug|Any CPU
		{2BF49985-2259-4729-870D-01088B3BCA21}.Release|Any CPU.ActiveCfg = Release|Any CPU
		{2BF49985-2259-4729-870D-01088B3BCA21}.Release|Any CPU.Build.0 = Release|Any CPU
		{2BF49985-2259-4729-870D-01088B3BCA21}.Release|x64.ActiveCfg = Release|Any CPU
		{2BF49985-2259-4729-870D-01088B3BCA21}.Release|x64.Build.0 = Release|Any CPU
		{2BF49985-2259-4729-870D-01088B3BCA21}.Release|x86.ActiveCfg = Release|Any CPU
		{2BF49985-2259-4729-870D-01088B3BCA21}.Release|x86.Build.0 = Release|Any CPU
		{F0AA090B-D6B2-4AAD-ABA6-CF5319305342}.Debug|Any CPU.ActiveCfg = Debug|Any CPU
		{F0AA090B-D6B2-4AAD-ABA6-CF5319305342}.Debug|Any CPU.Build.0 = Debug|Any CPU
		{F0AA090B-D6B2-4AAD-ABA6-CF5319305342}.Debug|x64.ActiveCfg = Debug|Any CPU
		{F0AA090B-D6B2-4AAD-ABA6-CF5319305342}.Debug|x64.Build.0 = Debug|Any CPU
		{F0AA090B-D6B2-4AAD-ABA6-CF5319305342}.Debug|x86.ActiveCfg = Debug|Any CPU
		{F0AA090B-D6B2-4AAD-ABA6-CF5319305342}.Debug|x86.Build.0 = Debug|Any CPU
		{F0AA090B-D6B2-4AAD-ABA6-CF5319305342}.Release|Any CPU.ActiveCfg = Release|Any CPU
		{F0AA090B-D6B2-4AAD-ABA6-CF5319305342}.Release|Any CPU.Build.0 = Release|Any CPU
		{F0AA090B-D6B2-4AAD-ABA6-CF5319305342}.Release|x64.ActiveCfg = Release|Any CPU
		{F0AA090B-D6B2-4AAD-ABA6-CF5319305342}.Release|x64.Build.0 = Release|Any CPU
		{F0AA090B-D6B2-4AAD-ABA6-CF5319305342}.Release|x86.ActiveCfg = Release|Any CPU
		{F0AA090B-D6B2-4AAD-ABA6-CF5319305342}.Release|x86.Build.0 = Release|Any CPU
		{63062D78-B3DE-4EA0-AEBF-15EBF1F05ACE}.Debug|Any CPU.ActiveCfg = Debug|Any CPU
		{63062D78-B3DE-4EA0-AEBF-15EBF1F05ACE}.Debug|Any CPU.Build.0 = Debug|Any CPU
		{63062D78-B3DE-4EA0-AEBF-15EBF1F05ACE}.Debug|x64.ActiveCfg = Debug|Any CPU
		{63062D78-B3DE-4EA0-AEBF-15EBF1F05ACE}.Debug|x64.Build.0 = Debug|Any CPU
		{63062D78-B3DE-4EA0-AEBF-15EBF1F05ACE}.Debug|x86.ActiveCfg = Debug|Any CPU
		{63062D78-B3DE-4EA0-AEBF-15EBF1F05ACE}.Debug|x86.Build.0 = Debug|Any CPU
		{63062D78-B3DE-4EA0-AEBF-15EBF1F05ACE}.Release|Any CPU.ActiveCfg = Release|Any CPU
		{63062D78-B3DE-4EA0-AEBF-15EBF1F05ACE}.Release|Any CPU.Build.0 = Release|Any CPU
		{63062D78-B3DE-4EA0-AEBF-15EBF1F05ACE}.Release|x64.ActiveCfg = Release|Any CPU
		{63062D78-B3DE-4EA0-AEBF-15EBF1F05ACE}.Release|x64.Build.0 = Release|Any CPU
		{63062D78-B3DE-4EA0-AEBF-15EBF1F05ACE}.Release|x86.ActiveCfg = Release|Any CPU
		{63062D78-B3DE-4EA0-AEBF-15EBF1F05ACE}.Release|x86.Build.0 = Release|Any CPU
		{A3F3A8DD-D30C-4644-930C-243AB888E1BE}.Debug|Any CPU.ActiveCfg = Debug|Any CPU
		{A3F3A8DD-D30C-4644-930C-243AB888E1BE}.Debug|Any CPU.Build.0 = Debug|Any CPU
		{A3F3A8DD-D30C-4644-930C-243AB888E1BE}.Debug|x64.ActiveCfg = Debug|Any CPU
		{A3F3A8DD-D30C-4644-930C-243AB888E1BE}.Debug|x64.Build.0 = Debug|Any CPU
		{A3F3A8DD-D30C-4644-930C-243AB888E1BE}.Debug|x86.ActiveCfg = Debug|Any CPU
		{A3F3A8DD-D30C-4644-930C-243AB888E1BE}.Debug|x86.Build.0 = Debug|Any CPU
		{A3F3A8DD-D30C-4644-930C-243AB888E1BE}.Release|Any CPU.ActiveCfg = Release|Any CPU
		{A3F3A8DD-D30C-4644-930C-243AB888E1BE}.Release|Any CPU.Build.0 = Release|Any CPU
		{A3F3A8DD-D30C-4644-930C-243AB888E1BE}.Release|x64.ActiveCfg = Release|Any CPU
		{A3F3A8DD-D30C-4644-930C-243AB888E1BE}.Release|x64.Build.0 = Release|Any CPU
		{A3F3A8DD-D30C-4644-930C-243AB888E1BE}.Release|x86.ActiveCfg = Release|Any CPU
		{A3F3A8DD-D30C-4644-930C-243AB888E1BE}.Release|x86.Build.0 = Release|Any CPU
		{2C8F97CF-BB34-498F-8309-6B381930780E}.Debug|Any CPU.ActiveCfg = Debug|Any CPU
		{2C8F97CF-BB34-498F-8309-6B381930780E}.Debug|Any CPU.Build.0 = Debug|Any CPU
		{2C8F97CF-BB34-498F-8309-6B381930780E}.Debug|x64.ActiveCfg = Debug|Any CPU
		{2C8F97CF-BB34-498F-8309-6B381930780E}.Debug|x64.Build.0 = Debug|Any CPU
		{2C8F97CF-BB34-498F-8309-6B381930780E}.Debug|x86.ActiveCfg = Debug|Any CPU
		{2C8F97CF-BB34-498F-8309-6B381930780E}.Debug|x86.Build.0 = Debug|Any CPU
		{2C8F97CF-BB34-498F-8309-6B381930780E}.Release|Any CPU.ActiveCfg = Release|Any CPU
		{2C8F97CF-BB34-498F-8309-6B381930780E}.Release|Any CPU.Build.0 = Release|Any CPU
		{2C8F97CF-BB34-498F-8309-6B381930780E}.Release|x64.ActiveCfg = Release|Any CPU
		{2C8F97CF-BB34-498F-8309-6B381930780E}.Release|x64.Build.0 = Release|Any CPU
		{2C8F97CF-BB34-498F-8309-6B381930780E}.Release|x86.ActiveCfg = Release|Any CPU
		{2C8F97CF-BB34-498F-8309-6B381930780E}.Release|x86.Build.0 = Release|Any CPU
	EndGlobalSection
	GlobalSection(SolutionProperties) = preSolution
		HideSolutionNode = FALSE
	EndGlobalSection
	GlobalSection(NestedProjects) = preSolution
		{C1A2D6EC-F1B6-437E-B201-917FBDD3F046} = {E369631D-EE71-456E-BD5F-55908283672E}
		{7D4C6155-F1BB-4167-8B64-DF4B4D660653} = {2FE6C5F7-9D53-4555-A019-D90B89757D46}
		{CDFDE90D-1619-4E55-A9DD-FE02F66A7C51} = {F6EE63AF-EB6A-4F1B-9787-F49235A2C7C0}
		{2BF49985-2259-4729-870D-01088B3BCA21} = {2FE6C5F7-9D53-4555-A019-D90B89757D46}
		{F0AA090B-D6B2-4AAD-ABA6-CF5319305342} = {F6EE63AF-EB6A-4F1B-9787-F49235A2C7C0}
		{63062D78-B3DE-4EA0-AEBF-15EBF1F05ACE} = {F6EE63AF-EB6A-4F1B-9787-F49235A2C7C0}
		{A3F3A8DD-D30C-4644-930C-243AB888E1BE} = {2FE6C5F7-9D53-4555-A019-D90B89757D46}
		{2C8F97CF-BB34-498F-8309-6B381930780E} = {F6EE63AF-EB6A-4F1B-9787-F49235A2C7C0}
	EndGlobalSection
EndGlobal
